// !$*UTF8*$!
{
	archiveVersion = 1;
	classes = {
	};
	objectVersion = 56;
	objects = {

/* Begin PBXBuildFile section */
		F064C6AB29CDA67400D0729B /* AppDelegate.swift in Sources */ = {isa = PBXBuildFile; fileRef = F064C6AA29CDA67400D0729B /* AppDelegate.swift */; };
		F064C6AD29CDA67400D0729B /* SceneDelegate.swift in Sources */ = {isa = PBXBuildFile; fileRef = F064C6AC29CDA67400D0729B /* SceneDelegate.swift */; };
		F064C6B429CDA67500D0729B /* Assets.xcassets in Resources */ = {isa = PBXBuildFile; fileRef = F064C6B329CDA67500D0729B /* Assets.xcassets */; };
		F064C6B729CDA67500D0729B /* LaunchScreen.storyboard in Resources */ = {isa = PBXBuildFile; fileRef = F064C6B529CDA67500D0729B /* LaunchScreen.storyboard */; };
		F064C6C729CDA70E00D0729B /* SplashController.swift in Sources */ = {isa = PBXBuildFile; fileRef = F064C6C629CDA70E00D0729B /* SplashController.swift */; };
		F064C6CA29CDA78700D0729B /* SnapKit in Frameworks */ = {isa = PBXBuildFile; productRef = F064C6C929CDA78700D0729B /* SnapKit */; };
		F064C6CD29CDA7C800D0729B /* Alamofire in Frameworks */ = {isa = PBXBuildFile; productRef = F064C6CC29CDA7C800D0729B /* Alamofire */; };
		F064C6D029CDA7E400D0729B /* RxCocoa in Frameworks */ = {isa = PBXBuildFile; productRef = F064C6CF29CDA7E400D0729B /* RxCocoa */; };
		F064C6D229CDA7E400D0729B /* RxSwift in Frameworks */ = {isa = PBXBuildFile; productRef = F064C6D129CDA7E400D0729B /* RxSwift */; };
/* End PBXBuildFile section */

/* Begin PBXFileReference section */
		F064C6A729CDA67400D0729B /* RickAndMortyAPI.app */ = {isa = PBXFileReference; explicitFileType = wrapper.application; includeInIndex = 0; path = RickAndMortyAPI.app; sourceTree = BUILT_PRODUCTS_DIR; };
		F064C6AA29CDA67400D0729B /* AppDelegate.swift */ = {isa = PBXFileReference; lastKnownFileType = sourcecode.swift; path = AppDelegate.swift; sourceTree = "<group>"; };
		F064C6AC29CDA67400D0729B /* SceneDelegate.swift */ = {isa = PBXFileReference; lastKnownFileType = sourcecode.swift; path = SceneDelegate.swift; sourceTree = "<group>"; };
		F064C6B329CDA67500D0729B /* Assets.xcassets */ = {isa = PBXFileReference; lastKnownFileType = folder.assetcatalog; path = Assets.xcassets; sourceTree = "<group>"; };
		F064C6B629CDA67500D0729B /* Base */ = {isa = PBXFileReference; lastKnownFileType = file.storyboard; name = Base; path = Base.lproj/LaunchScreen.storyboard; sourceTree = "<group>"; };
		F064C6B829CDA67500D0729B /* Info.plist */ = {isa = PBXFileReference; lastKnownFileType = text.plist.xml; path = Info.plist; sourceTree = "<group>"; };
		F064C6C629CDA70E00D0729B /* SplashController.swift */ = {isa = PBXFileReference; lastKnownFileType = sourcecode.swift; path = SplashController.swift; sourceTree = "<group>"; };
/* End PBXFileReference section */

/* Begin PBXFrameworksBuildPhase section */
		F064C6A429CDA67400D0729B /* Frameworks */ = {
			isa = PBXFrameworksBuildPhase;
			buildActionMask = 2147483647;
			files = (
				F064C6D029CDA7E400D0729B /* RxCocoa in Frameworks */,
				F064C6CA29CDA78700D0729B /* SnapKit in Frameworks */,
				F064C6D229CDA7E400D0729B /* RxSwift in Frameworks */,
				F064C6CD29CDA7C800D0729B /* Alamofire in Frameworks */,
			);
			runOnlyForDeploymentPostprocessing = 0;
		};
/* End PBXFrameworksBuildPhase section */

/* Begin PBXGroup section */
		F064C69E29CDA67400D0729B = {
			isa = PBXGroup;
			children = (
				F064C6A929CDA67400D0729B /* RickAndMortyAPI */,
				F064C6A829CDA67400D0729B /* Products */,
			);
			sourceTree = "<group>";
		};
		F064C6A829CDA67400D0729B /* Products */ = {
			isa = PBXGroup;
			children = (
				F064C6A729CDA67400D0729B /* RickAndMortyAPI.app */,
			);
			name = Products;
			sourceTree = "<group>";
		};
		F064C6A929CDA67400D0729B /* RickAndMortyAPI */ = {
			isa = PBXGroup;
			children = (
				F064C6BE29CDA69600D0729B /* App */,
				F064C6C129CDA6DD00D0729B /* Scenes */,
				F064C6BF29CDA69D00D0729B /* Resources */,
				F064C6C029CDA6AF00D0729B /* Support */,
			);
			path = RickAndMortyAPI;
			sourceTree = "<group>";
		};
		F064C6BE29CDA69600D0729B /* App */ = {
			isa = PBXGroup;
			children = (
				F064C6AA29CDA67400D0729B /* AppDelegate.swift */,
				F064C6AC29CDA67400D0729B /* SceneDelegate.swift */,
			);
			path = App;
			sourceTree = "<group>";
		};
		F064C6BF29CDA69D00D0729B /* Resources */ = {
			isa = PBXGroup;
			children = (
				F064C6B529CDA67500D0729B /* LaunchScreen.storyboard */,
				F064C6B329CDA67500D0729B /* Assets.xcassets */,
			);
			path = Resources;
			sourceTree = "<group>";
		};
		F064C6C029CDA6AF00D0729B /* Support */ = {
			isa = PBXGroup;
			children = (
				F064C6B829CDA67500D0729B /* Info.plist */,
			);
			path = Support;
			sourceTree = "<group>";
		};
		F064C6C129CDA6DD00D0729B /* Scenes */ = {
			isa = PBXGroup;
			children = (
				F064C6C229CDA6E200D0729B /* Splash */,
				F064C6C329CDA6E600D0729B /* Main */,
				F064C6C429CDA6E900D0729B /* Detail */,
			);
			path = Scenes;
			sourceTree = "<group>";
		};
		F064C6C229CDA6E200D0729B /* Splash */ = {
			isa = PBXGroup;
			children = (
				F064C6C529CDA70300D0729B /* View */,
			);
			path = Splash;
			sourceTree = "<group>";
		};
		F064C6C329CDA6E600D0729B /* Main */ = {
			isa = PBXGroup;
			children = (
			);
			path = Main;
			sourceTree = "<group>";
		};
		F064C6C429CDA6E900D0729B /* Detail */ = {
			isa = PBXGroup;
			children = (
			);
			path = Detail;
			sourceTree = "<group>";
		};
		F064C6C529CDA70300D0729B /* View */ = {
			isa = PBXGroup;
			children = (
				F064C6C629CDA70E00D0729B /* SplashController.swift */,
			);
			path = View;
			sourceTree = "<group>";
		};
/* End PBXGroup section */

/* Begin PBXNativeTarget section */
		F064C6A629CDA67400D0729B /* RickAndMortyAPI */ = {
			isa = PBXNativeTarget;
			buildConfigurationList = F064C6BB29CDA67500D0729B /* Build configuration list for PBXNativeTarget "RickAndMortyAPI" */;
			buildPhases = (
				F064C6A329CDA67400D0729B /* Sources */,
				F064C6A429CDA67400D0729B /* Frameworks */,
				F064C6A529CDA67400D0729B /* Resources */,
			);
			buildRules = (
			);
			dependencies = (
			);
			name = RickAndMortyAPI;
			packageProductDependencies = (
				F064C6C929CDA78700D0729B /* SnapKit */,
				F064C6CC29CDA7C800D0729B /* Alamofire */,
				F064C6CF29CDA7E400D0729B /* RxCocoa */,
				F064C6D129CDA7E400D0729B /* RxSwift */,
			);
			productName = RickAndMortyAPI;
			productReference = F064C6A729CDA67400D0729B /* RickAndMortyAPI.app */;
			productType = "com.apple.product-type.application";
		};
/* End PBXNativeTarget section */

/* Begin PBXProject section */
		F064C69F29CDA67400D0729B /* Project object */ = {
			isa = PBXProject;
			attributes = {
				BuildIndependentTargetsInParallel = 1;
				LastSwiftUpdateCheck = 1420;
				LastUpgradeCheck = 1420;
				TargetAttributes = {
					F064C6A629CDA67400D0729B = {
						CreatedOnToolsVersion = 14.2;
					};
				};
			};
			buildConfigurationList = F064C6A229CDA67400D0729B /* Build configuration list for PBXProject "RickAndMortyAPI" */;
			compatibilityVersion = "Xcode 14.0";
			developmentRegion = en;
			hasScannedForEncodings = 0;
			knownRegions = (
				en,
				Base,
			);
			mainGroup = F064C69E29CDA67400D0729B;
			packageReferences = (
				F064C6C829CDA78600D0729B /* XCRemoteSwiftPackageReference "SnapKit" */,
				F064C6CB29CDA7C800D0729B /* XCRemoteSwiftPackageReference "Alamofire" */,
				F064C6CE29CDA7E400D0729B /* XCRemoteSwiftPackageReference "RxSwift" */,
			);
			productRefGroup = F064C6A829CDA67400D0729B /* Products */;
			projectDirPath = "";
			projectRoot = "";
			targets = (
				F064C6A629CDA67400D0729B /* RickAndMortyAPI */,
			);
		};
/* End PBXProject section */

/* Begin PBXResourcesBuildPhase section */
		F064C6A529CDA67400D0729B /* Resources */ = {
			isa = PBXResourcesBuildPhase;
			buildActionMask = 2147483647;
			files = (
				F064C6B729CDA67500D0729B /* LaunchScreen.storyboard in Resources */,
				F064C6B429CDA67500D0729B /* Assets.xcassets in Resources */,
			);
			runOnlyForDeploymentPostprocessing = 0;
		};
/* End PBXResourcesBuildPhase section */

/* Begin PBXSourcesBuildPhase section */
		F064C6A329CDA67400D0729B /* Sources */ = {
			isa = PBXSourcesBuildPhase;
			buildActionMask = 2147483647;
			files = (
				F064C6AB29CDA67400D0729B /* AppDelegate.swift in Sources */,
				F064C6AD29CDA67400D0729B /* SceneDelegate.swift in Sources */,
				F064C6C729CDA70E00D0729B /* SplashController.swift in Sources */,
			);
			runOnlyForDeploymentPostprocessing = 0;
		};
/* End PBXSourcesBuildPhase section */

/* Begin PBXVariantGroup section */
		F064C6B529CDA67500D0729B /* LaunchScreen.storyboard */ = {
			isa = PBXVariantGroup;
			children = (
				F064C6B629CDA67500D0729B /* Base */,
			);
			name = LaunchScreen.storyboard;
			sourceTree = "<group>";
		};
/* End PBXVariantGroup section */

/* Begin XCBuildConfiguration section */
		F064C6B929CDA67500D0729B /* Debug */ = {
			isa = XCBuildConfiguration;
			buildSettings = {
				ALWAYS_SEARCH_USER_PATHS = NO;
				CLANG_ANALYZER_NONNULL = YES;
				CLANG_ANALYZER_NUMBER_OBJECT_CONVERSION = YES_AGGRESSIVE;
				CLANG_CXX_LANGUAGE_STANDARD = "gnu++20";
				CLANG_ENABLE_MODULES = YES;
				CLANG_ENABLE_OBJC_ARC = YES;
				CLANG_ENABLE_OBJC_WEAK = YES;
				CLANG_WARN_BLOCK_CAPTURE_AUTORELEASING = YES;
				CLANG_WARN_BOOL_CONVERSION = YES;
				CLANG_WARN_COMMA = YES;
				CLANG_WARN_CONSTANT_CONVERSION = YES;
				CLANG_WARN_DEPRECATED_OBJC_IMPLEMENTATIONS = YES;
				CLANG_WARN_DIRECT_OBJC_ISA_USAGE = YES_ERROR;
				CLANG_WARN_DOCUMENTATION_COMMENTS = YES;
				CLANG_WARN_EMPTY_BODY = YES;
				CLANG_WARN_ENUM_CONVERSION = YES;
				CLANG_WARN_INFINITE_RECURSION = YES;
				CLANG_WARN_INT_CONVERSION = YES;
				CLANG_WARN_NON_LITERAL_NULL_CONVERSION = YES;
				CLANG_WARN_OBJC_IMPLICIT_RETAIN_SELF = YES;
				CLANG_WARN_OBJC_LITERAL_CONVERSION = YES;
				CLANG_WARN_OBJC_ROOT_CLASS = YES_ERROR;
				CLANG_WARN_QUOTED_INCLUDE_IN_FRAMEWORK_HEADER = YES;
				CLANG_WARN_RANGE_LOOP_ANALYSIS = YES;
				CLANG_WARN_STRICT_PROTOTYPES = YES;
				CLANG_WARN_SUSPICIOUS_MOVE = YES;
				CLANG_WARN_UNGUARDED_AVAILABILITY = YES_AGGRESSIVE;
				CLANG_WARN_UNREACHABLE_CODE = YES;
				CLANG_WARN__DUPLICATE_METHOD_MATCH = YES;
				COPY_PHASE_STRIP = NO;
				DEBUG_INFORMATION_FORMAT = dwarf;
				ENABLE_STRICT_OBJC_MSGSEND = YES;
				ENABLE_TESTABILITY = YES;
				GCC_C_LANGUAGE_STANDARD = gnu11;
				GCC_DYNAMIC_NO_PIC = NO;
				GCC_NO_COMMON_BLOCKS = YES;
				GCC_OPTIMIZATION_LEVEL = 0;
				GCC_PREPROCESSOR_DEFINITIONS = (
					"DEBUG=1",
					"$(inherited)",
				);
				GCC_WARN_64_TO_32_BIT_CONVERSION = YES;
				GCC_WARN_ABOUT_RETURN_TYPE = YES_ERROR;
				GCC_WARN_UNDECLARED_SELECTOR = YES;
				GCC_WARN_UNINITIALIZED_AUTOS = YES_AGGRESSIVE;
				GCC_WARN_UNUSED_FUNCTION = YES;
				GCC_WARN_UNUSED_VARIABLE = YES;
				IPHONEOS_DEPLOYMENT_TARGET = 16.2;
				MTL_ENABLE_DEBUG_INFO = INCLUDE_SOURCE;
				MTL_FAST_MATH = YES;
				ONLY_ACTIVE_ARCH = YES;
				SDKROOT = iphoneos;
				SWIFT_ACTIVE_COMPILATION_CONDITIONS = DEBUG;
				SWIFT_OPTIMIZATION_LEVEL = "-Onone";
			};
			name = Debug;
		};
		F064C6BA29CDA67500D0729B /* Release */ = {
			isa = XCBuildConfiguration;
			buildSettings = {
				ALWAYS_SEARCH_USER_PATHS = NO;
				CLANG_ANALYZER_NONNULL = YES;
				CLANG_ANALYZER_NUMBER_OBJECT_CONVERSION = YES_AGGRESSIVE;
				CLANG_CXX_LANGUAGE_STANDARD = "gnu++20";
				CLANG_ENABLE_MODULES = YES;
				CLANG_ENABLE_OBJC_ARC = YES;
				CLANG_ENABLE_OBJC_WEAK = YES;
				CLANG_WARN_BLOCK_CAPTURE_AUTORELEASING = YES;
				CLANG_WARN_BOOL_CONVERSION = YES;
				CLANG_WARN_COMMA = YES;
				CLANG_WARN_CONSTANT_CONVERSION = YES;
				CLANG_WARN_DEPRECATED_OBJC_IMPLEMENTATIONS = YES;
				CLANG_WARN_DIRECT_OBJC_ISA_USAGE = YES_ERROR;
				CLANG_WARN_DOCUMENTATION_COMMENTS = YES;
				CLANG_WARN_EMPTY_BODY = YES;
				CLANG_WARN_ENUM_CONVERSION = YES;
				CLANG_WARN_INFINITE_RECURSION = YES;
				CLANG_WARN_INT_CONVERSION = YES;
				CLANG_WARN_NON_LITERAL_NULL_CONVERSION = YES;
				CLANG_WARN_OBJC_IMPLICIT_RETAIN_SELF = YES;
				CLANG_WARN_OBJC_LITERAL_CONVERSION = YES;
				CLANG_WARN_OBJC_ROOT_CLASS = YES_ERROR;
				CLANG_WARN_QUOTED_INCLUDE_IN_FRAMEWORK_HEADER = YES;
				CLANG_WARN_RANGE_LOOP_ANALYSIS = YES;
				CLANG_WARN_STRICT_PROTOTYPES = YES;
				CLANG_WARN_SUSPICIOUS_MOVE = YES;
				CLANG_WARN_UNGUARDED_AVAILABILITY = YES_AGGRESSIVE;
				CLANG_WARN_UNREACHABLE_CODE = YES;
				CLANG_WARN__DUPLICATE_METHOD_MATCH = YES;
				COPY_PHASE_STRIP = NO;
				DEBUG_INFORMATION_FORMAT = "dwarf-with-dsym";
				ENABLE_NS_ASSERTIONS = NO;
				ENABLE_STRICT_OBJC_MSGSEND = YES;
				GCC_C_LANGUAGE_STANDARD = gnu11;
				GCC_NO_COMMON_BLOCKS = YES;
				GCC_WARN_64_TO_32_BIT_CONVERSION = YES;
				GCC_WARN_ABOUT_RETURN_TYPE = YES_ERROR;
				GCC_WARN_UNDECLARED_SELECTOR = YES;
				GCC_WARN_UNINITIALIZED_AUTOS = YES_AGGRESSIVE;
				GCC_WARN_UNUSED_FUNCTION = YES;
				GCC_WARN_UNUSED_VARIABLE = YES;
				IPHONEOS_DEPLOYMENT_TARGET = 16.2;
				MTL_ENABLE_DEBUG_INFO = NO;
				MTL_FAST_MATH = YES;
				SDKROOT = iphoneos;
				SWIFT_COMPILATION_MODE = wholemodule;
				SWIFT_OPTIMIZATION_LEVEL = "-O";
				VALIDATE_PRODUCT = YES;
			};
			name = Release;
		};
		F064C6BC29CDA67500D0729B /* Debug */ = {
			isa = XCBuildConfiguration;
			buildSettings = {
				ASSETCATALOG_COMPILER_APPICON_NAME = AppIcon;
				ASSETCATALOG_COMPILER_GLOBAL_ACCENT_COLOR_NAME = AccentColor;
				CODE_SIGN_STYLE = Automatic;
				CURRENT_PROJECT_VERSION = 1;
				DEVELOPMENT_TEAM = 78Y3UD747G;
				GENERATE_INFOPLIST_FILE = YES;
				INFOPLIST_FILE = RickAndMortyAPI/Support/Info.plist;
				INFOPLIST_KEY_UIApplicationSupportsIndirectInputEvents = YES;
				INFOPLIST_KEY_UILaunchStoryboardName = LaunchScreen;
				INFOPLIST_KEY_UISupportedInterfaceOrientations = "UIInterfaceOrientationLandscapeLeft UIInterfaceOrientationLandscapeRight UIInterfaceOrientationPortrait";
				IPHONEOS_DEPLOYMENT_TARGET = 13.0;
				LD_RUNPATH_SEARCH_PATHS = (
					"$(inherited)",
					"@executable_path/Frameworks",
				);
				MARKETING_VERSION = 1.0.0;
				PRODUCT_BUNDLE_IDENTIFIER = com.ekremalkan.RickAndMortyAPI;
				PRODUCT_NAME = "$(TARGET_NAME)";
				SUPPORTED_PLATFORMS = "iphoneos iphonesimulator";
				SUPPORTS_MACCATALYST = NO;
				SUPPORTS_MAC_DESIGNED_FOR_IPHONE_IPAD = NO;
				SWIFT_EMIT_LOC_STRINGS = YES;
				SWIFT_VERSION = 5.0;
				TARGETED_DEVICE_FAMILY = "1,2";
			};
			name = Debug;
		};
		F064C6BD29CDA67500D0729B /* Release */ = {
			isa = XCBuildConfiguration;
			buildSettings = {
				ASSETCATALOG_COMPILER_APPICON_NAME = AppIcon;
				ASSETCATALOG_COMPILER_GLOBAL_ACCENT_COLOR_NAME = AccentColor;
				CODE_SIGN_STYLE = Automatic;
				CURRENT_PROJECT_VERSION = 1;
				DEVELOPMENT_TEAM = 78Y3UD747G;
				GENERATE_INFOPLIST_FILE = YES;
				INFOPLIST_FILE = RickAndMortyAPI/Support/Info.plist;
				INFOPLIST_KEY_UIApplicationSupportsIndirectInputEvents = YES;
				INFOPLIST_KEY_UILaunchStoryboardName = LaunchScreen;
				INFOPLIST_KEY_UISupportedInterfaceOrientations = "UIInterfaceOrientationLandscapeLeft UIInterfaceOrientationLandscapeRight UIInterfaceOrientationPortrait";
				IPHONEOS_DEPLOYMENT_TARGET = 13.0;
				LD_RUNPATH_SEARCH_PATHS = (
					"$(inherited)",
					"@executable_path/Frameworks",
				);
				MARKETING_VERSION = 1.0.0;
				PRODUCT_BUNDLE_IDENTIFIER = com.ekremalkan.RickAndMortyAPI;
				PRODUCT_NAME = "$(TARGET_NAME)";
				SUPPORTED_PLATFORMS = "iphoneos iphonesimulator";
				SUPPORTS_MACCATALYST = NO;
				SUPPORTS_MAC_DESIGNED_FOR_IPHONE_IPAD = NO;
				SWIFT_EMIT_LOC_STRINGS = YES;
				SWIFT_VERSION = 5.0;
				TARGETED_DEVICE_FAMILY = "1,2";
			};
			name = Release;
		};
/* End XCBuildConfiguration section */

/* Begin XCConfigurationList section */
		F064C6A229CDA67400D0729B /* Build configuration list for PBXProject "RickAndMortyAPI" */ = {
			isa = XCConfigurationList;
			buildConfigurations = (
				F064C6B929CDA67500D0729B /* Debug */,
				F064C6BA29CDA67500D0729B /* Release */,
			);
			defaultConfigurationIsVisible = 0;
			defaultConfigurationName = Release;
		};
		F064C6BB29CDA67500D0729B /* Build configuration list for PBXNativeTarget "RickAndMortyAPI" */ = {
			isa = XCConfigurationList;
			buildConfigurations = (
				F064C6BC29CDA67500D0729B /* Debug */,
				F064C6BD29CDA67500D0729B /* Release */,
			);
			defaultConfigurationIsVisible = 0;
			defaultConfigurationName = Release;
		};
/* End XCConfigurationList section */

/* Begin XCRemoteSwiftPackageReference section */
		F064C6C829CDA78600D0729B /* XCRemoteSwiftPackageReference "SnapKit" */ = {
			isa = XCRemoteSwiftPackageReference;
			repositoryURL = "https://github.com/SnapKit/SnapKit.git";
			requirement = {
				branch = develop;
				kind = branch;
			};
		};
		F064C6CB29CDA7C800D0729B /* XCRemoteSwiftPackageReference "Alamofire" */ = {
			isa = XCRemoteSwiftPackageReference;
			repositoryURL = "https://github.com/Alamofire/Alamofire.git";
			requirement = {
				branch = master;
				kind = branch;
			};
		};
		F064C6CE29CDA7E400D0729B /* XCRemoteSwiftPackageReference "RxSwift" */ = {
			isa = XCRemoteSwiftPackageReference;
			repositoryURL = "https://github.com/ReactiveX/RxSwift";
			requirement = {
				branch = main;
				kind = branch;
			};
		};
/* End XCRemoteSwiftPackageReference section */

/* Begin XCSwiftPackageProductDependency section */
		F064C6C929CDA78700D0729B /* SnapKit */ = {
			isa = XCSwiftPackageProductDependency;
			package = F064C6C829CDA78600D0729B /* XCRemoteSwiftPackageReference "SnapKit" */;
			productName = SnapKit;
		};
		F064C6CC29CDA7C800D0729B /* Alamofire */ = {
			isa = XCSwiftPackageProductDependency;
			package = F064C6CB29CDA7C800D0729B /* XCRemoteSwiftPackageReference "Alamofire" */;
			productName = Alamofire;
		};
		F064C6CF29CDA7E400D0729B /* RxCocoa */ = {
			isa = XCSwiftPackageProductDependency;
			package = F064C6CE29CDA7E400D0729B /* XCRemoteSwiftPackageReference "RxSwift" */;
			productName = RxCocoa;
		};
		F064C6D129CDA7E400D0729B /* RxSwift */ = {
			isa = XCSwiftPackageProductDependency;
			package = F064C6CE29CDA7E400D0729B /* XCRemoteSwiftPackageReference "RxSwift" */;
			productName = RxSwift;
		};
/* End XCSwiftPackageProductDependency section */
	};
	rootObject = F064C69F29CDA67400D0729B /* Project object */;
}
